
Microsoft Visual Studio Solution File, Format Version 12.00
# Visual Studio Version 17
VisualStudioVersion = 17.7.34009.444
MinimumVisualStudioVersion = 10.0.40219.1
Project("{FAE04EC0-301F-11D3-BF4B-00C04F79EFBC}") = "Hotel Management Assessment2", "Hotel Management Assessment2.csproj", "{414FDC8C-FFB5-4C9A-B091-C46818BA7305}"
EndProject
Global
	GlobalSection(SolutionConfigurationPlatforms) = preSolution
		Debug|Any CPU = Debug|Any CPU
		Release|Any CPU = Release|Any CPU
	EndGlobalSection
	GlobalSection(ProjectConfigurationPlatforms) = postSolution
		{414FDC8C-FFB5-4C9A-B091-C46818BA7305}.Debug|Any CPU.ActiveCfg = Debug|Any CPU
		{414FDC8C-FFB5-4C9A-B091-C46818BA7305}.Debug|Any CPU.Build.0 = Debug|Any CPU
		{414FDC8C-FFB5-4C9A-B091-C46818BA7305}.Release|Any CPU.ActiveCfg = Release|Any CPU
		{414FDC8C-FFB5-4C9A-B091-C46818BA7305}.Release|Any CPU.Build.0 = Release|Any CPU
	EndGlobalSection
	GlobalSection(SolutionProperties) = preSolution
		HideSolutionNode = FALSE
	EndGlobalSection
	GlobalSection(ExtensibilityGlobals) = postSolution
		SolutionGuid = {F7956534-97B3-4D6D-9A83-4AA0998164F3}
	EndGlobalSection
EndGlobal
